
Microsoft Visual Studio Solution File, Format Version 12.00
# Visual Studio Version 17
VisualStudioVersion = 17.3.32922.545
MinimumVisualStudioVersion = 10.0.40219.1
Project("{2150E333-8FDC-42A3-9474-1A3956D46DE8}") = "CQRS-ES", "CQRS-ES", "{EE2444C8-3D3C-4A89-A3C4-92F0BD771172}"
EndProject
Project("{2150E333-8FDC-42A3-9474-1A3956D46DE8}") = "SM-Post", "SM-Post", "{05FF7B33-9E40-4134-AA04-D394129D7337}"
EndProject
Project("{2150E333-8FDC-42A3-9474-1A3956D46DE8}") = "Post.Cmd", "Post.Cmd", "{18740F87-709C-49F9-959F-D436D709BA9E}"
EndProject
Project("{2150E333-8FDC-42A3-9474-1A3956D46DE8}") = "Post.Query", "Post.Query", "{C55AE2E4-3C1E-4871-AB4B-DB0001D553F2}"
EndProject
Project("{FAE04EC0-301F-11D3-BF4B-00C04F79EFBC}") = "CQRS.Core", "CQRS.Core\CQRS.Core.csproj", "{FCCB7461-BECE-4BBA-A971-1F697FBAA466}"
EndProject
Project("{FAE04EC0-301F-11D3-BF4B-00C04F79EFBC}") = "Post.Cmd.Api", "Post.Cmd.Api\Post.Cmd.Api.csproj", "{97F07213-3E8F-4F20-8F31-FDAD0EA64245}"
EndProject
Project("{FAE04EC0-301F-11D3-BF4B-00C04F79EFBC}") = "Post.Cmd.Domain", "Post.Cmd.Domain\Post.Cmd.Domain.csproj", "{7E610C46-F359-4CCB-92E8-19611670FD84}"
EndProject
Project("{FAE04EC0-301F-11D3-BF4B-00C04F79EFBC}") = "Post.Cmd.Infrastructure", "Post.Cmd.Infrastructure\Post.Cmd.Infrastructure.csproj", "{D7C18013-7955-4367-A5C2-A83CD0599F5A}"
EndProject
Project("{FAE04EC0-301F-11D3-BF4B-00C04F79EFBC}") = "Post.Query.Domain", "Post.Query.Domain\Post.Query.Domain.csproj", "{66D8F572-3769-4F3E-8F5D-4A6D1A81ACF1}"
EndProject
Project("{FAE04EC0-301F-11D3-BF4B-00C04F79EFBC}") = "Post.Query.Infrastructure", "Post.Query.Infrastructure\Post.Query.Infrastructure.csproj", "{CEE71657-C571-4792-81AB-39267E88C696}"
EndProject
Project("{FAE04EC0-301F-11D3-BF4B-00C04F79EFBC}") = "Post.Query.Api", "Post.Query.Api\Post.Query.Api.csproj", "{859A8452-4E73-413A-82CC-20EBD434FDA1}"
EndProject
Project("{2150E333-8FDC-42A3-9474-1A3956D46DE8}") = "Post.Common", "Post.Common", "{EEAB8E9B-8FE1-4A29-8A7B-3D5E2D6A0CB3}"
EndProject
Project("{FAE04EC0-301F-11D3-BF4B-00C04F79EFBC}") = "Post.Common", "Post.Common\Post.Common.csproj", "{159374F2-836C-4F0B-90D5-29F829628A15}"
EndProject
Global
	GlobalSection(SolutionConfigurationPlatforms) = preSolution
		Debug|Any CPU = Debug|Any CPU
		Release|Any CPU = Release|Any CPU
	EndGlobalSection
	GlobalSection(ProjectConfigurationPlatforms) = postSolution
		{FCCB7461-BECE-4BBA-A971-1F697FBAA466}.Debug|Any CPU.ActiveCfg = Debug|Any CPU
		{FCCB7461-BECE-4BBA-A971-1F697FBAA466}.Debug|Any CPU.Build.0 = Debug|Any CPU
		{FCCB7461-BECE-4BBA-A971-1F697FBAA466}.Release|Any CPU.ActiveCfg = Release|Any CPU
		{FCCB7461-BECE-4BBA-A971-1F697FBAA466}.Release|Any CPU.Build.0 = Release|Any CPU
		{97F07213-3E8F-4F20-8F31-FDAD0EA64245}.Debug|Any CPU.ActiveCfg = Debug|Any CPU
		{97F07213-3E8F-4F20-8F31-FDAD0EA64245}.Debug|Any CPU.Build.0 = Debug|Any CPU
		{97F07213-3E8F-4F20-8F31-FDAD0EA64245}.Release|Any CPU.ActiveCfg = Release|Any CPU
		{97F07213-3E8F-4F20-8F31-FDAD0EA64245}.Release|Any CPU.Build.0 = Release|Any CPU
		{7E610C46-F359-4CCB-92E8-19611670FD84}.Debug|Any CPU.ActiveCfg = Debug|Any CPU
		{7E610C46-F359-4CCB-92E8-19611670FD84}.Debug|Any CPU.Build.0 = Debug|Any CPU
		{7E610C46-F359-4CCB-92E8-19611670FD84}.Release|Any CPU.ActiveCfg = Release|Any CPU
		{7E610C46-F359-4CCB-92E8-19611670FD84}.Release|Any CPU.Build.0 = Release|Any CPU
		{D7C18013-7955-4367-A5C2-A83CD0599F5A}.Debug|Any CPU.ActiveCfg = Debug|Any CPU
		{D7C18013-7955-4367-A5C2-A83CD0599F5A}.Debug|Any CPU.Build.0 = Debug|Any CPU
		{D7C18013-7955-4367-A5C2-A83CD0599F5A}.Release|Any CPU.ActiveCfg = Release|Any CPU
		{D7C18013-7955-4367-A5C2-A83CD0599F5A}.Release|Any CPU.Build.0 = Release|Any CPU
		{66D8F572-3769-4F3E-8F5D-4A6D1A81ACF1}.Debug|Any CPU.ActiveCfg = Debug|Any CPU
		{66D8F572-3769-4F3E-8F5D-4A6D1A81ACF1}.Debug|Any CPU.Build.0 = Debug|Any CPU
		{66D8F572-3769-4F3E-8F5D-4A6D1A81ACF1}.Release|Any CPU.ActiveCfg = Release|Any CPU
		{66D8F572-3769-4F3E-8F5D-4A6D1A81ACF1}.Release|Any CPU.Build.0 = Release|Any CPU
		{CEE71657-C571-4792-81AB-39267E88C696}.Debug|Any CPU.ActiveCfg = Debug|Any CPU
		{CEE71657-C571-4792-81AB-39267E88C696}.Debug|Any CPU.Build.0 = Debug|Any CPU
		{CEE71657-C571-4792-81AB-39267E88C696}.Release|Any CPU.ActiveCfg = Release|Any CPU
		{CEE71657-C571-4792-81AB-39267E88C696}.Release|Any CPU.Build.0 = Release|Any CPU
		{859A8452-4E73-413A-82CC-20EBD434FDA1}.Debug|Any CPU.ActiveCfg = Debug|Any CPU
		{859A8452-4E73-413A-82CC-20EBD434FDA1}.Debug|Any CPU.Build.0 = Debug|Any CPU
		{859A8452-4E73-413A-82CC-20EBD434FDA1}.Release|Any CPU.ActiveCfg = Release|Any CPU
		{859A8452-4E73-413A-82CC-20EBD434FDA1}.Release|Any CPU.Build.0 = Release|Any CPU
		{159374F2-836C-4F0B-90D5-29F829628A15}.Debug|Any CPU.ActiveCfg = Debug|Any CPU
		{159374F2-836C-4F0B-90D5-29F829628A15}.Debug|Any CPU.Build.0 = Debug|Any CPU
		{159374F2-836C-4F0B-90D5-29F829628A15}.Release|Any CPU.ActiveCfg = Release|Any CPU
		{159374F2-836C-4F0B-90D5-29F829628A15}.Release|Any CPU.Build.0 = Release|Any CPU
	EndGlobalSection
	GlobalSection(SolutionProperties) = preSolution
		HideSolutionNode = FALSE
	EndGlobalSection
	GlobalSection(NestedProjects) = preSolution
		{18740F87-709C-49F9-959F-D436D709BA9E} = {05FF7B33-9E40-4134-AA04-D394129D7337}
		{C55AE2E4-3C1E-4871-AB4B-DB0001D553F2} = {05FF7B33-9E40-4134-AA04-D394129D7337}
		{FCCB7461-BECE-4BBA-A971-1F697FBAA466} = {EE2444C8-3D3C-4A89-A3C4-92F0BD771172}
		{97F07213-3E8F-4F20-8F31-FDAD0EA64245} = {18740F87-709C-49F9-959F-D436D709BA9E}
		{7E610C46-F359-4CCB-92E8-19611670FD84} = {18740F87-709C-49F9-959F-D436D709BA9E}
		{D7C18013-7955-4367-A5C2-A83CD0599F5A} = {18740F87-709C-49F9-959F-D436D709BA9E}
		{66D8F572-3769-4F3E-8F5D-4A6D1A81ACF1} = {C55AE2E4-3C1E-4871-AB4B-DB0001D553F2}
		{CEE71657-C571-4792-81AB-39267E88C696} = {C55AE2E4-3C1E-4871-AB4B-DB0001D553F2}
		{859A8452-4E73-413A-82CC-20EBD434FDA1} = {C55AE2E4-3C1E-4871-AB4B-DB0001D553F2}
		{EEAB8E9B-8FE1-4A29-8A7B-3D5E2D6A0CB3} = {05FF7B33-9E40-4134-AA04-D394129D7337}
		{159374F2-836C-4F0B-90D5-29F829628A15} = {EEAB8E9B-8FE1-4A29-8A7B-3D5E2D6A0CB3}
	EndGlobalSection
	GlobalSection(ExtensibilityGlobals) = postSolution
		SolutionGuid = {5B05F556-46AF-4D05-87F9-346316167450}
	EndGlobalSection
EndGlobal
